// !$*UTF8*$!
{
	archiveVersion = 1;
	classes = {
	};
	objectVersion = 56;
	objects = {

/* Begin PBXBuildFile section */
		0403D4AB2C5A3A6F00E8EE89 /* LongPressGestureBootcamp.swift in Sources */ = {isa = PBXBuildFile; fileRef = 0403D4AA2C5A3A6F00E8EE89 /* LongPressGestureBootcamp.swift */; };
		0403D4AD2C5A554000E8EE89 /* SwiftUIContinuedLearningList.swift in Sources */ = {isa = PBXBuildFile; fileRef = 0403D4AC2C5A554000E8EE89 /* SwiftUIContinuedLearningList.swift */; };
		042B9A1E2C41235600A2775D /* ViewControllerA.swift in Sources */ = {isa = PBXBuildFile; fileRef = 042B9A1D2C41235600A2775D /* ViewControllerA.swift */; };
		0430353F2C4F5E0600E5A91A /* EnvironmentObjectBootcamp.swift in Sources */ = {isa = PBXBuildFile; fileRef = 0430353E2C4F5E0600E5A91A /* EnvironmentObjectBootcamp.swift */; };
		043035412C4F890900E5A91A /* AppStorageBootcamp.swift in Sources */ = {isa = PBXBuildFile; fileRef = 043035402C4F890900E5A91A /* AppStorageBootcamp.swift */; };
		043035432C4F8E6100E5A91A /* AsyncImageBootcamp.swift in Sources */ = {isa = PBXBuildFile; fileRef = 043035422C4F8E6100E5A91A /* AsyncImageBootcamp.swift */; };
		043035452C4F939200E5A91A /* BackgroundMaterialsBootcamp.swift in Sources */ = {isa = PBXBuildFile; fileRef = 043035442C4F939200E5A91A /* BackgroundMaterialsBootcamp.swift */; };
		043035472C4F97CE00E5A91A /* ButtonStylesBootcamp.swift in Sources */ = {isa = PBXBuildFile; fileRef = 043035462C4F97CE00E5A91A /* ButtonStylesBootcamp.swift */; };
		043035492C4F9D1E00E5A91A /* ListSwipeActionsBootcamp.swift in Sources */ = {isa = PBXBuildFile; fileRef = 043035482C4F9D1E00E5A91A /* ListSwipeActionsBootcamp.swift */; };
		0430354B2C4FA17900E5A91A /* BadgesBootcamp.swift in Sources */ = {isa = PBXBuildFile; fileRef = 0430354A2C4FA17900E5A91A /* BadgesBootcamp.swift */; };
		045DD4872C49F1AD008E119C /* ViewModelBootcamp.swift in Sources */ = {isa = PBXBuildFile; fileRef = 045DD4862C49F1AD008E119C /* ViewModelBootcamp.swift */; };
		045DD4892C49F7CD008E119C /* Color+extension.swift in Sources */ = {isa = PBXBuildFile; fileRef = 045DD4882C49F7CD008E119C /* Color+extension.swift */; };
		04607AF52C4749C800B55034 /* DarkModeBootcamp.swift in Sources */ = {isa = PBXBuildFile; fileRef = 04607AF42C4749C800B55034 /* DarkModeBootcamp.swift */; };
		04607AF72C47551400B55034 /* OnAppearBootcamp.swift in Sources */ = {isa = PBXBuildFile; fileRef = 04607AF62C47551400B55034 /* OnAppearBootcamp.swift */; };
		04607AF92C475E0700B55034 /* TapGestureBootcamp.swift in Sources */ = {isa = PBXBuildFile; fileRef = 04607AF82C475E0600B55034 /* TapGestureBootcamp.swift */; };
		04607AFB2C4767C100B55034 /* ModelBootcamp.swift in Sources */ = {isa = PBXBuildFile; fileRef = 04607AFA2C4767C100B55034 /* ModelBootcamp.swift */; };
		047081F12C2FE24000156465 /* BindingBootcamp.swift in Sources */ = {isa = PBXBuildFile; fileRef = 047081F02C2FE24000156465 /* BindingBootcamp.swift */; };
		047E59852C42206900EE672F /* SliderBootcamp.swift in Sources */ = {isa = PBXBuildFile; fileRef = 047E59842C42206900EE672F /* SliderBootcamp.swift */; };
		047E59872C423A6A00EE672F /* TabViewBootcamp.swift in Sources */ = {isa = PBXBuildFile; fileRef = 047E59862C423A6A00EE672F /* TabViewBootcamp.swift */; };
		047E59892C44B0FD00EE672F /* HomeListView.swift in Sources */ = {isa = PBXBuildFile; fileRef = 047E59882C44B0FD00EE672F /* HomeListView.swift */; };
		0484885F2C37846700B9CD10 /* ContextMenuBootcamp.swift in Sources */ = {isa = PBXBuildFile; fileRef = 0484885E2C37846700B9CD10 /* ContextMenuBootcamp.swift */; };
		048488612C37C1AD00B9CD10 /* TextfieldBootcamp.swift in Sources */ = {isa = PBXBuildFile; fileRef = 048488602C37C1AD00B9CD10 /* TextfieldBootcamp.swift */; };
		048488632C3B74D400B9CD10 /* TextEditorBootcamp.swift in Sources */ = {isa = PBXBuildFile; fileRef = 048488622C3B74D400B9CD10 /* TextEditorBootcamp.swift */; };
		048488652C3B83EB00B9CD10 /* ToggleBootcamp.swift in Sources */ = {isa = PBXBuildFile; fileRef = 048488642C3B83EB00B9CD10 /* ToggleBootcamp.swift */; };
		048488672C3B941A00B9CD10 /* PickerBootcamp.swift in Sources */ = {isa = PBXBuildFile; fileRef = 048488662C3B941A00B9CD10 /* PickerBootcamp.swift */; };
		048488692C3BBFF400B9CD10 /* ColorPickerBootcamp.swift in Sources */ = {isa = PBXBuildFile; fileRef = 048488682C3BBFF400B9CD10 /* ColorPickerBootcamp.swift */; };
		0484886B2C3BCCA900B9CD10 /* DatePickerBootcamp.swift in Sources */ = {isa = PBXBuildFile; fileRef = 0484886A2C3BCCA900B9CD10 /* DatePickerBootcamp.swift */; };
		0484886D2C3BD54900B9CD10 /* StepperBootcamp.swift in Sources */ = {isa = PBXBuildFile; fileRef = 0484886C2C3BD54900B9CD10 /* StepperBootcamp.swift */; };
		04AD18502C32B43600B9AC78 /* SheetsBootcamp.swift in Sources */ = {isa = PBXBuildFile; fileRef = 04AD184F2C32B43600B9AC78 /* SheetsBootcamp.swift */; };
		04AD18522C33A67800B9AC78 /* NavigationViewBootcamp.swift in Sources */ = {isa = PBXBuildFile; fileRef = 04AD18512C33A67800B9AC78 /* NavigationViewBootcamp.swift */; };
		04AD18542C33D16100B9AC78 /* ListBootcamp.swift in Sources */ = {isa = PBXBuildFile; fileRef = 04AD18532C33D16100B9AC78 /* ListBootcamp.swift */; };
		04AD18562C33EE6100B9AC78 /* AlertBootcamp.swift in Sources */ = {isa = PBXBuildFile; fileRef = 04AD18552C33EE6100B9AC78 /* AlertBootcamp.swift */; };
		04AD185A2C353E6100B9AC78 /* ActionsheetBootcamp.swift in Sources */ = {isa = PBXBuildFile; fileRef = 04AD18592C353E6100B9AC78 /* ActionsheetBootcamp.swift */; };
		04B467ED2C5720300063D494 /* NativePopoverBootcamp.swift in Sources */ = {isa = PBXBuildFile; fileRef = 04B467EC2C5720300063D494 /* NativePopoverBootcamp.swift */; };
		04B467EF2C5721DF0063D494 /* ShapesBootcamp.swift in Sources */ = {isa = PBXBuildFile; fileRef = 04B467EE2C5721DF0063D494 /* ShapesBootcamp.swift */; };
		04B467F32C5724BB0063D494 /* ExtractSubViewBootcamp.swift in Sources */ = {isa = PBXBuildFile; fileRef = 04B467F22C5724BB0063D494 /* ExtractSubViewBootcamp.swift */; };
		04B467F52C5747CA0063D494 /* AnyLayoutBootcamp.swift in Sources */ = {isa = PBXBuildFile; fileRef = 04B467F42C5747CA0063D494 /* AnyLayoutBootcamp.swift */; };
		04B467F72C57677E0063D494 /* ViewThatFitsBootcamp.swift in Sources */ = {isa = PBXBuildFile; fileRef = 04B467F62C57677E0063D494 /* ViewThatFitsBootcamp.swift */; };
		04B467F92C576CA20063D494 /* NavigationSplitViewBootcamp.swift in Sources */ = {isa = PBXBuildFile; fileRef = 04B467F82C576CA20063D494 /* NavigationSplitViewBootcamp.swift */; };
		04B467FB2C577AB10063D494 /* GridViewBootcamp.swift in Sources */ = {isa = PBXBuildFile; fileRef = 04B467FA2C577AB10063D494 /* GridViewBootcamp.swift */; };
		04B467FD2C577EC70063D494 /* GridBootcamp.swift in Sources */ = {isa = PBXBuildFile; fileRef = 04B467FC2C577EC70063D494 /* GridBootcamp.swift */; };
		04B467FF2C5796930063D494 /* ContentUnavailableViewBootcamp.swift in Sources */ = {isa = PBXBuildFile; fileRef = 04B467FE2C5796930063D494 /* ContentUnavailableViewBootcamp.swift */; };
		04B468012C579EFC0063D494 /* ObservableBootcamp.swift in Sources */ = {isa = PBXBuildFile; fileRef = 04B468002C579EFC0063D494 /* ObservableBootcamp.swift */; };
		04B468032C57A3A20063D494 /* ObservableBootcampIOS17.swift in Sources */ = {isa = PBXBuildFile; fileRef = 04B468022C57A3A20063D494 /* ObservableBootcampIOS17.swift */; };
		04B468062C59D0B90063D494 /* HomeView.swift in Sources */ = {isa = PBXBuildFile; fileRef = 04B468052C59D0B90063D494 /* HomeView.swift */; };
		04BDD0A72C40FA130034FC1A /* Swift_ActivityIndicator.swift in Sources */ = {isa = PBXBuildFile; fileRef = 04BDD0A62C40FA130034FC1A /* Swift_ActivityIndicator.swift */; };
		04BDD0A92C40FA3F0034FC1A /* SwiftUI_ContentView.swift in Sources */ = {isa = PBXBuildFile; fileRef = 04BDD0A82C40FA3F0034FC1A /* SwiftUI_ContentView.swift */; };
		04DFA27D2C41010000DE210D /* UIViewRepresentable.swift in Sources */ = {isa = PBXBuildFile; fileRef = 04DFA27C2C41010000DE210D /* UIViewRepresentable.swift */; };
		04DFA27F2C41020F00DE210D /* SwiftUI_MyTextField.swift in Sources */ = {isa = PBXBuildFile; fileRef = 04DFA27E2C41020F00DE210D /* SwiftUI_MyTextField.swift */; };
		04DFA2812C41047700DE210D /* SegmentControl.swift in Sources */ = {isa = PBXBuildFile; fileRef = 04DFA2802C41047700DE210D /* SegmentControl.swift */; };
		04DFA2832C41075800DE210D /* NavigationViewController.swift in Sources */ = {isa = PBXBuildFile; fileRef = 04DFA2822C41075800DE210D /* NavigationViewController.swift */; };
		04DFA2852C41083700DE210D /* SwiftCallSwiftUI.swift in Sources */ = {isa = PBXBuildFile; fileRef = 04DFA2842C41083700DE210D /* SwiftCallSwiftUI.swift */; };
		04DFA2872C41249B00DE210D /* SwiftUIViewB.swift in Sources */ = {isa = PBXBuildFile; fileRef = 04DFA2862C41249B00DE210D /* SwiftUIViewB.swift */; };
		04E380842C08070400AB7CFB /* SwiftUI_Bootcamp_Learn_CodeApp.swift in Sources */ = {isa = PBXBuildFile; fileRef = 04E380832C08070400AB7CFB /* SwiftUI_Bootcamp_Learn_CodeApp.swift */; };
		04E380862C08070400AB7CFB /* ContentView.swift in Sources */ = {isa = PBXBuildFile; fileRef = 04E380852C08070400AB7CFB /* ContentView.swift */; };
		04E380882C08070400AB7CFB /* Item.swift in Sources */ = {isa = PBXBuildFile; fileRef = 04E380872C08070400AB7CFB /* Item.swift */; };
		04E3808A2C08070600AB7CFB /* Assets.xcassets in Resources */ = {isa = PBXBuildFile; fileRef = 04E380892C08070600AB7CFB /* Assets.xcassets */; };
		04E3808D2C08070600AB7CFB /* Preview Assets.xcassets in Resources */ = {isa = PBXBuildFile; fileRef = 04E3808C2C08070600AB7CFB /* Preview Assets.xcassets */; };
		04E380942C0807AA00AB7CFB /* TextView.swift in Sources */ = {isa = PBXBuildFile; fileRef = 04E380932C0807AA00AB7CFB /* TextView.swift */; };
		04E380962C08081E00AB7CFB /* ColorView.swift in Sources */ = {isa = PBXBuildFile; fileRef = 04E380952C08081E00AB7CFB /* ColorView.swift */; };
		04E380982C080A9200AB7CFB /* GradientsView.swift in Sources */ = {isa = PBXBuildFile; fileRef = 04E380972C080A9200AB7CFB /* GradientsView.swift */; };
		04E3809C2C08297200AB7CFB /* FrameView.swift in Sources */ = {isa = PBXBuildFile; fileRef = 04E3809B2C08297200AB7CFB /* FrameView.swift */; };
		04E3809E2C082D6F00AB7CFB /* BackgroundAndOverlayView.swift in Sources */ = {isa = PBXBuildFile; fileRef = 04E3809D2C082D6F00AB7CFB /* BackgroundAndOverlayView.swift */; };
		04E380A02C09563200AB7CFB /* StacksView.swift in Sources */ = {isa = PBXBuildFile; fileRef = 04E3809F2C09563200AB7CFB /* StacksView.swift */; };
		04E380A22C09735000AB7CFB /* SpacerView.swift in Sources */ = {isa = PBXBuildFile; fileRef = 04E380A12C09735000AB7CFB /* SpacerView.swift */; };
		04E380A62C09A09200AB7CFB /* ScrollViewBootcamp.swift in Sources */ = {isa = PBXBuildFile; fileRef = 04E380A52C09A09200AB7CFB /* ScrollViewBootcamp.swift */; };
		04E380A82C09CC4900AB7CFB /* SafeView.swift in Sources */ = {isa = PBXBuildFile; fileRef = 04E380A72C09CC4900AB7CFB /* SafeView.swift */; };
		04E380AA2C09D3DB00AB7CFB /* LearnGridView.swift in Sources */ = {isa = PBXBuildFile; fileRef = 04E380A92C09D3DB00AB7CFB /* LearnGridView.swift */; };
		04E380AC2C0AE86A00AB7CFB /* LearnButtonView.swift in Sources */ = {isa = PBXBuildFile; fileRef = 04E380AB2C0AE86A00AB7CFB /* LearnButtonView.swift */; };
		04E5A0D62C3134C700218561 /* ConditionalBootcamp.swift in Sources */ = {isa = PBXBuildFile; fileRef = 04E5A0D52C3134C700218561 /* ConditionalBootcamp.swift */; };
		04E5A0D82C3143D700218561 /* AnimationBootcamp.swift in Sources */ = {isa = PBXBuildFile; fileRef = 04E5A0D72C3143D700218561 /* AnimationBootcamp.swift */; };
		04E5A0DA2C315D6A00218561 /* TransitionBootcamp.swift in Sources */ = {isa = PBXBuildFile; fileRef = 04E5A0D92C315D6A00218561 /* TransitionBootcamp.swift */; };
		04EA87DD2C55EECA0019B7DD /* NavigationStackBootcamp.swift in Sources */ = {isa = PBXBuildFile; fileRef = 04EA87DC2C55EECA0019B7DD /* NavigationStackBootcamp.swift */; };
		04EA87DF2C560FB40019B7DD /* ToolbarBootcamp.swift in Sources */ = {isa = PBXBuildFile; fileRef = 04EA87DE2C560FB40019B7DD /* ToolbarBootcamp.swift */; };
		04EA87E12C56471F0019B7DD /* ResizableSheetBootcamp.swift in Sources */ = {isa = PBXBuildFile; fileRef = 04EA87E02C56471F0019B7DD /* ResizableSheetBootcamp.swift */; };
		04EA87E32C5657080019B7DD /* SafeAreaInsetBootcamp.swift in Sources */ = {isa = PBXBuildFile; fileRef = 04EA87E22C5657080019B7DD /* SafeAreaInsetBootcamp.swift */; };
		04EA87E52C5661090019B7DD /* GroupBootcamp.swift in Sources */ = {isa = PBXBuildFile; fileRef = 04EA87E42C5661090019B7DD /* GroupBootcamp.swift */; };
		04EA87E72C5664540019B7DD /* AnimationUpdateBootcamp.swift in Sources */ = {isa = PBXBuildFile; fileRef = 04EA87E62C5664540019B7DD /* AnimationUpdateBootcamp.swift */; };
		04EA87E92C5669E70019B7DD /* MenuBootcamp.swift in Sources */ = {isa = PBXBuildFile; fileRef = 04EA87E82C5669E70019B7DD /* MenuBootcamp.swift */; };
/* End PBXBuildFile section */

/* Begin PBXFileReference section */
		0403D4AA2C5A3A6F00E8EE89 /* LongPressGestureBootcamp.swift */ = {isa = PBXFileReference; lastKnownFileType = sourcecode.swift; path = LongPressGestureBootcamp.swift; sourceTree = "<group>"; };
		0403D4AC2C5A554000E8EE89 /* SwiftUIContinuedLearningList.swift */ = {isa = PBXFileReference; lastKnownFileType = sourcecode.swift; path = SwiftUIContinuedLearningList.swift; sourceTree = "<group>"; };
		042B9A1D2C41235600A2775D /* ViewControllerA.swift */ = {isa = PBXFileReference; lastKnownFileType = sourcecode.swift; path = ViewControllerA.swift; sourceTree = "<group>"; };
		0430353E2C4F5E0600E5A91A /* EnvironmentObjectBootcamp.swift */ = {isa = PBXFileReference; lastKnownFileType = sourcecode.swift; path = EnvironmentObjectBootcamp.swift; sourceTree = "<group>"; };
		043035402C4F890900E5A91A /* AppStorageBootcamp.swift */ = {isa = PBXFileReference; lastKnownFileType = sourcecode.swift; path = AppStorageBootcamp.swift; sourceTree = "<group>"; };
		043035422C4F8E6100E5A91A /* AsyncImageBootcamp.swift */ = {isa = PBXFileReference; lastKnownFileType = sourcecode.swift; path = AsyncImageBootcamp.swift; sourceTree = "<group>"; };
		043035442C4F939200E5A91A /* BackgroundMaterialsBootcamp.swift */ = {isa = PBXFileReference; lastKnownFileType = sourcecode.swift; path = BackgroundMaterialsBootcamp.swift; sourceTree = "<group>"; };
		043035462C4F97CE00E5A91A /* ButtonStylesBootcamp.swift */ = {isa = PBXFileReference; lastKnownFileType = sourcecode.swift; path = ButtonStylesBootcamp.swift; sourceTree = "<group>"; };
		043035482C4F9D1E00E5A91A /* ListSwipeActionsBootcamp.swift */ = {isa = PBXFileReference; lastKnownFileType = sourcecode.swift; path = ListSwipeActionsBootcamp.swift; sourceTree = "<group>"; };
		0430354A2C4FA17900E5A91A /* BadgesBootcamp.swift */ = {isa = PBXFileReference; lastKnownFileType = sourcecode.swift; path = BadgesBootcamp.swift; sourceTree = "<group>"; };
		045DD4862C49F1AD008E119C /* ViewModelBootcamp.swift */ = {isa = PBXFileReference; lastKnownFileType = sourcecode.swift; path = ViewModelBootcamp.swift; sourceTree = "<group>"; };
		045DD4882C49F7CD008E119C /* Color+extension.swift */ = {isa = PBXFileReference; lastKnownFileType = sourcecode.swift; path = "Color+extension.swift"; sourceTree = "<group>"; };
		04607AF42C4749C800B55034 /* DarkModeBootcamp.swift */ = {isa = PBXFileReference; lastKnownFileType = sourcecode.swift; path = DarkModeBootcamp.swift; sourceTree = "<group>"; };
		04607AF62C47551400B55034 /* OnAppearBootcamp.swift */ = {isa = PBXFileReference; lastKnownFileType = sourcecode.swift; path = OnAppearBootcamp.swift; sourceTree = "<group>"; };
		04607AF82C475E0600B55034 /* TapGestureBootcamp.swift */ = {isa = PBXFileReference; lastKnownFileType = sourcecode.swift; path = TapGestureBootcamp.swift; sourceTree = "<group>"; };
		04607AFA2C4767C100B55034 /* ModelBootcamp.swift */ = {isa = PBXFileReference; lastKnownFileType = sourcecode.swift; path = ModelBootcamp.swift; sourceTree = "<group>"; };
		047081F02C2FE24000156465 /* BindingBootcamp.swift */ = {isa = PBXFileReference; lastKnownFileType = sourcecode.swift; path = BindingBootcamp.swift; sourceTree = "<group>"; };
		047E59842C42206900EE672F /* SliderBootcamp.swift */ = {isa = PBXFileReference; lastKnownFileType = sourcecode.swift; path = SliderBootcamp.swift; sourceTree = "<group>"; };
		047E59862C423A6A00EE672F /* TabViewBootcamp.swift */ = {isa = PBXFileReference; lastKnownFileType = sourcecode.swift; path = TabViewBootcamp.swift; sourceTree = "<group>"; };
		047E59882C44B0FD00EE672F /* HomeListView.swift */ = {isa = PBXFileReference; lastKnownFileType = sourcecode.swift; path = HomeListView.swift; sourceTree = "<group>"; };
		0484885E2C37846700B9CD10 /* ContextMenuBootcamp.swift */ = {isa = PBXFileReference; lastKnownFileType = sourcecode.swift; path = ContextMenuBootcamp.swift; sourceTree = "<group>"; };
		048488602C37C1AD00B9CD10 /* TextfieldBootcamp.swift */ = {isa = PBXFileReference; lastKnownFileType = sourcecode.swift; path = TextfieldBootcamp.swift; sourceTree = "<group>"; };
		048488622C3B74D400B9CD10 /* TextEditorBootcamp.swift */ = {isa = PBXFileReference; lastKnownFileType = sourcecode.swift; path = TextEditorBootcamp.swift; sourceTree = "<group>"; };
		048488642C3B83EB00B9CD10 /* ToggleBootcamp.swift */ = {isa = PBXFileReference; lastKnownFileType = sourcecode.swift; path = ToggleBootcamp.swift; sourceTree = "<group>"; };
		048488662C3B941A00B9CD10 /* PickerBootcamp.swift */ = {isa = PBXFileReference; lastKnownFileType = sourcecode.swift; path = PickerBootcamp.swift; sourceTree = "<group>"; };
		048488682C3BBFF400B9CD10 /* ColorPickerBootcamp.swift */ = {isa = PBXFileReference; lastKnownFileType = sourcecode.swift; path = ColorPickerBootcamp.swift; sourceTree = "<group>"; };
		0484886A2C3BCCA900B9CD10 /* DatePickerBootcamp.swift */ = {isa = PBXFileReference; lastKnownFileType = sourcecode.swift; path = DatePickerBootcamp.swift; sourceTree = "<group>"; };
		0484886C2C3BD54900B9CD10 /* StepperBootcamp.swift */ = {isa = PBXFileReference; lastKnownFileType = sourcecode.swift; path = StepperBootcamp.swift; sourceTree = "<group>"; };
		04AD184F2C32B43600B9AC78 /* SheetsBootcamp.swift */ = {isa = PBXFileReference; lastKnownFileType = sourcecode.swift; path = SheetsBootcamp.swift; sourceTree = "<group>"; };
		04AD18512C33A67800B9AC78 /* NavigationViewBootcamp.swift */ = {isa = PBXFileReference; lastKnownFileType = sourcecode.swift; path = NavigationViewBootcamp.swift; sourceTree = "<group>"; };
		04AD18532C33D16100B9AC78 /* ListBootcamp.swift */ = {isa = PBXFileReference; lastKnownFileType = sourcecode.swift; path = ListBootcamp.swift; sourceTree = "<group>"; };
		04AD18552C33EE6100B9AC78 /* AlertBootcamp.swift */ = {isa = PBXFileReference; lastKnownFileType = sourcecode.swift; path = AlertBootcamp.swift; sourceTree = "<group>"; };
		04AD18592C353E6100B9AC78 /* ActionsheetBootcamp.swift */ = {isa = PBXFileReference; lastKnownFileType = sourcecode.swift; path = ActionsheetBootcamp.swift; sourceTree = "<group>"; };
		04B467EC2C5720300063D494 /* NativePopoverBootcamp.swift */ = {isa = PBXFileReference; lastKnownFileType = sourcecode.swift; path = NativePopoverBootcamp.swift; sourceTree = "<group>"; };
		04B467EE2C5721DF0063D494 /* ShapesBootcamp.swift */ = {isa = PBXFileReference; lastKnownFileType = sourcecode.swift; path = ShapesBootcamp.swift; sourceTree = "<group>"; };
		04B467F22C5724BB0063D494 /* ExtractSubViewBootcamp.swift */ = {isa = PBXFileReference; lastKnownFileType = sourcecode.swift; path = ExtractSubViewBootcamp.swift; sourceTree = "<group>"; };
		04B467F42C5747CA0063D494 /* AnyLayoutBootcamp.swift */ = {isa = PBXFileReference; lastKnownFileType = sourcecode.swift; path = AnyLayoutBootcamp.swift; sourceTree = "<group>"; };
		04B467F62C57677E0063D494 /* ViewThatFitsBootcamp.swift */ = {isa = PBXFileReference; lastKnownFileType = sourcecode.swift; path = ViewThatFitsBootcamp.swift; sourceTree = "<group>"; };
		04B467F82C576CA20063D494 /* NavigationSplitViewBootcamp.swift */ = {isa = PBXFileReference; lastKnownFileType = sourcecode.swift; path = NavigationSplitViewBootcamp.swift; sourceTree = "<group>"; };
		04B467FA2C577AB10063D494 /* GridViewBootcamp.swift */ = {isa = PBXFileReference; lastKnownFileType = sourcecode.swift; path = GridViewBootcamp.swift; sourceTree = "<group>"; };
		04B467FC2C577EC70063D494 /* GridBootcamp.swift */ = {isa = PBXFileReference; lastKnownFileType = sourcecode.swift; path = GridBootcamp.swift; sourceTree = "<group>"; };
		04B467FE2C5796930063D494 /* ContentUnavailableViewBootcamp.swift */ = {isa = PBXFileReference; lastKnownFileType = sourcecode.swift; path = ContentUnavailableViewBootcamp.swift; sourceTree = "<group>"; };
		04B468002C579EFC0063D494 /* ObservableBootcamp.swift */ = {isa = PBXFileReference; lastKnownFileType = sourcecode.swift; path = ObservableBootcamp.swift; sourceTree = "<group>"; };
		04B468022C57A3A20063D494 /* ObservableBootcampIOS17.swift */ = {isa = PBXFileReference; lastKnownFileType = sourcecode.swift; path = ObservableBootcampIOS17.swift; sourceTree = "<group>"; };
		04B468052C59D0B90063D494 /* HomeView.swift */ = {isa = PBXFileReference; lastKnownFileType = sourcecode.swift; path = HomeView.swift; sourceTree = "<group>"; };
		04BDD0A62C40FA130034FC1A /* Swift_ActivityIndicator.swift */ = {isa = PBXFileReference; lastKnownFileType = sourcecode.swift; path = Swift_ActivityIndicator.swift; sourceTree = "<group>"; };
		04BDD0A82C40FA3F0034FC1A /* SwiftUI_ContentView.swift */ = {isa = PBXFileReference; lastKnownFileType = sourcecode.swift; path = SwiftUI_ContentView.swift; sourceTree = "<group>"; };
		04DFA27C2C41010000DE210D /* UIViewRepresentable.swift */ = {isa = PBXFileReference; lastKnownFileType = sourcecode.swift; path = UIViewRepresentable.swift; sourceTree = "<group>"; };
		04DFA27E2C41020F00DE210D /* SwiftUI_MyTextField.swift */ = {isa = PBXFileReference; lastKnownFileType = sourcecode.swift; path = SwiftUI_MyTextField.swift; sourceTree = "<group>"; };
		04DFA2802C41047700DE210D /* SegmentControl.swift */ = {isa = PBXFileReference; lastKnownFileType = sourcecode.swift; path = SegmentControl.swift; sourceTree = "<group>"; };
		04DFA2822C41075800DE210D /* NavigationViewController.swift */ = {isa = PBXFileReference; lastKnownFileType = sourcecode.swift; path = NavigationViewController.swift; sourceTree = "<group>"; };
		04DFA2842C41083700DE210D /* SwiftCallSwiftUI.swift */ = {isa = PBXFileReference; lastKnownFileType = sourcecode.swift; path = SwiftCallSwiftUI.swift; sourceTree = "<group>"; };
		04DFA2862C41249B00DE210D /* SwiftUIViewB.swift */ = {isa = PBXFileReference; lastKnownFileType = sourcecode.swift; path = SwiftUIViewB.swift; sourceTree = "<group>"; };
		04E380802C08070400AB7CFB /* SwiftUI_Bootcamp_Learn_Code.app */ = {isa = PBXFileReference; explicitFileType = wrapper.application; includeInIndex = 0; path = SwiftUI_Bootcamp_Learn_Code.app; sourceTree = BUILT_PRODUCTS_DIR; };
		04E380832C08070400AB7CFB /* SwiftUI_Bootcamp_Learn_CodeApp.swift */ = {isa = PBXFileReference; lastKnownFileType = sourcecode.swift; path = SwiftUI_Bootcamp_Learn_CodeApp.swift; sourceTree = "<group>"; };
		04E380852C08070400AB7CFB /* ContentView.swift */ = {isa = PBXFileReference; lastKnownFileType = sourcecode.swift; path = ContentView.swift; sourceTree = "<group>"; };
		04E380872C08070400AB7CFB /* Item.swift */ = {isa = PBXFileReference; lastKnownFileType = sourcecode.swift; path = Item.swift; sourceTree = "<group>"; };
		04E380892C08070600AB7CFB /* Assets.xcassets */ = {isa = PBXFileReference; lastKnownFileType = folder.assetcatalog; path = Assets.xcassets; sourceTree = "<group>"; };
		04E3808C2C08070600AB7CFB /* Preview Assets.xcassets */ = {isa = PBXFileReference; lastKnownFileType = folder.assetcatalog; path = "Preview Assets.xcassets"; sourceTree = "<group>"; };
		04E380932C0807AA00AB7CFB /* TextView.swift */ = {isa = PBXFileReference; lastKnownFileType = sourcecode.swift; path = TextView.swift; sourceTree = "<group>"; };
		04E380952C08081E00AB7CFB /* ColorView.swift */ = {isa = PBXFileReference; lastKnownFileType = sourcecode.swift; path = ColorView.swift; sourceTree = "<group>"; };
		04E380972C080A9200AB7CFB /* GradientsView.swift */ = {isa = PBXFileReference; lastKnownFileType = sourcecode.swift; path = GradientsView.swift; sourceTree = "<group>"; };
		04E3809B2C08297200AB7CFB /* FrameView.swift */ = {isa = PBXFileReference; lastKnownFileType = sourcecode.swift; path = FrameView.swift; sourceTree = "<group>"; };
		04E3809D2C082D6F00AB7CFB /* BackgroundAndOverlayView.swift */ = {isa = PBXFileReference; lastKnownFileType = sourcecode.swift; path = BackgroundAndOverlayView.swift; sourceTree = "<group>"; };
		04E3809F2C09563200AB7CFB /* StacksView.swift */ = {isa = PBXFileReference; lastKnownFileType = sourcecode.swift; path = StacksView.swift; sourceTree = "<group>"; };
		04E380A12C09735000AB7CFB /* SpacerView.swift */ = {isa = PBXFileReference; lastKnownFileType = sourcecode.swift; path = SpacerView.swift; sourceTree = "<group>"; };
		04E380A52C09A09200AB7CFB /* ScrollViewBootcamp.swift */ = {isa = PBXFileReference; lastKnownFileType = sourcecode.swift; path = ScrollViewBootcamp.swift; sourceTree = "<group>"; };
		04E380A72C09CC4900AB7CFB /* SafeView.swift */ = {isa = PBXFileReference; lastKnownFileType = sourcecode.swift; path = SafeView.swift; sourceTree = "<group>"; };
		04E380A92C09D3DB00AB7CFB /* LearnGridView.swift */ = {isa = PBXFileReference; lastKnownFileType = sourcecode.swift; path = LearnGridView.swift; sourceTree = "<group>"; };
		04E380AB2C0AE86A00AB7CFB /* LearnButtonView.swift */ = {isa = PBXFileReference; lastKnownFileType = sourcecode.swift; path = LearnButtonView.swift; sourceTree = "<group>"; };
		04E5A0D52C3134C700218561 /* ConditionalBootcamp.swift */ = {isa = PBXFileReference; lastKnownFileType = sourcecode.swift; path = ConditionalBootcamp.swift; sourceTree = "<group>"; };
		04E5A0D72C3143D700218561 /* AnimationBootcamp.swift */ = {isa = PBXFileReference; lastKnownFileType = sourcecode.swift; path = AnimationBootcamp.swift; sourceTree = "<group>"; };
		04E5A0D92C315D6A00218561 /* TransitionBootcamp.swift */ = {isa = PBXFileReference; lastKnownFileType = sourcecode.swift; path = TransitionBootcamp.swift; sourceTree = "<group>"; };
		04EA87DC2C55EECA0019B7DD /* NavigationStackBootcamp.swift */ = {isa = PBXFileReference; lastKnownFileType = sourcecode.swift; path = NavigationStackBootcamp.swift; sourceTree = "<group>"; };
		04EA87DE2C560FB40019B7DD /* ToolbarBootcamp.swift */ = {isa = PBXFileReference; lastKnownFileType = sourcecode.swift; path = ToolbarBootcamp.swift; sourceTree = "<group>"; };
		04EA87E02C56471F0019B7DD /* ResizableSheetBootcamp.swift */ = {isa = PBXFileReference; lastKnownFileType = sourcecode.swift; path = ResizableSheetBootcamp.swift; sourceTree = "<group>"; };
		04EA87E22C5657080019B7DD /* SafeAreaInsetBootcamp.swift */ = {isa = PBXFileReference; lastKnownFileType = sourcecode.swift; path = SafeAreaInsetBootcamp.swift; sourceTree = "<group>"; };
		04EA87E42C5661090019B7DD /* GroupBootcamp.swift */ = {isa = PBXFileReference; lastKnownFileType = sourcecode.swift; path = GroupBootcamp.swift; sourceTree = "<group>"; };
		04EA87E62C5664540019B7DD /* AnimationUpdateBootcamp.swift */ = {isa = PBXFileReference; lastKnownFileType = sourcecode.swift; path = AnimationUpdateBootcamp.swift; sourceTree = "<group>"; };
		04EA87E82C5669E70019B7DD /* MenuBootcamp.swift */ = {isa = PBXFileReference; lastKnownFileType = sourcecode.swift; path = MenuBootcamp.swift; sourceTree = "<group>"; };
/* End PBXFileReference section */

/* Begin PBXFrameworksBuildPhase section */
		04E3807D2C08070400AB7CFB /* Frameworks */ = {
			isa = PBXFrameworksBuildPhase;
			buildActionMask = 2147483647;
			files = (
			);
			runOnlyForDeploymentPostprocessing = 0;
		};
/* End PBXFrameworksBuildPhase section */

/* Begin PBXGroup section */
		0403D4A92C5A367900E8EE89 /* SwiftUIContinuedLearning */ = {
			isa = PBXGroup;
			children = (
				0403D4AC2C5A554000E8EE89 /* SwiftUIContinuedLearningList.swift */,
				0403D4AA2C5A3A6F00E8EE89 /* LongPressGestureBootcamp.swift */,
			);
			path = SwiftUIContinuedLearning;
			sourceTree = "<group>";
		};
		04B468042C59D0640063D494 /* SwiftUIBootcamp */ = {
			isa = PBXGroup;
			children = (
				047E59882C44B0FD00EE672F /* HomeListView.swift */,
				04E380832C08070400AB7CFB /* SwiftUI_Bootcamp_Learn_CodeApp.swift */,
				04E380852C08070400AB7CFB /* ContentView.swift */,
				04B467EE2C5721DF0063D494 /* ShapesBootcamp.swift */,
				04E380932C0807AA00AB7CFB /* TextView.swift */,
				04E380952C08081E00AB7CFB /* ColorView.swift */,
				04E380972C080A9200AB7CFB /* GradientsView.swift */,
				04E380872C08070400AB7CFB /* Item.swift */,
				04E3809B2C08297200AB7CFB /* FrameView.swift */,
				04E3809D2C082D6F00AB7CFB /* BackgroundAndOverlayView.swift */,
				04E3809F2C09563200AB7CFB /* StacksView.swift */,
				04E380A12C09735000AB7CFB /* SpacerView.swift */,
				04E380A52C09A09200AB7CFB /* ScrollViewBootcamp.swift */,
				04E380A72C09CC4900AB7CFB /* SafeView.swift */,
				04E380A92C09D3DB00AB7CFB /* LearnGridView.swift */,
				04B467FC2C577EC70063D494 /* GridBootcamp.swift */,
				04E380AB2C0AE86A00AB7CFB /* LearnButtonView.swift */,
				04B467F22C5724BB0063D494 /* ExtractSubViewBootcamp.swift */,
				047081F02C2FE24000156465 /* BindingBootcamp.swift */,
				04E5A0D52C3134C700218561 /* ConditionalBootcamp.swift */,
				04E5A0D72C3143D700218561 /* AnimationBootcamp.swift */,
				04E5A0D92C315D6A00218561 /* TransitionBootcamp.swift */,
				04AD184F2C32B43600B9AC78 /* SheetsBootcamp.swift */,
				04AD18512C33A67800B9AC78 /* NavigationViewBootcamp.swift */,
				04AD18532C33D16100B9AC78 /* ListBootcamp.swift */,
				04AD18552C33EE6100B9AC78 /* AlertBootcamp.swift */,
				04AD18592C353E6100B9AC78 /* ActionsheetBootcamp.swift */,
				0484885E2C37846700B9CD10 /* ContextMenuBootcamp.swift */,
				048488602C37C1AD00B9CD10 /* TextfieldBootcamp.swift */,
				048488622C3B74D400B9CD10 /* TextEditorBootcamp.swift */,
				048488642C3B83EB00B9CD10 /* ToggleBootcamp.swift */,
				048488662C3B941A00B9CD10 /* PickerBootcamp.swift */,
				048488682C3BBFF400B9CD10 /* ColorPickerBootcamp.swift */,
				0484886A2C3BCCA900B9CD10 /* DatePickerBootcamp.swift */,
				0484886C2C3BD54900B9CD10 /* StepperBootcamp.swift */,
				047E59842C42206900EE672F /* SliderBootcamp.swift */,
				047E59862C423A6A00EE672F /* TabViewBootcamp.swift */,
				04607AF42C4749C800B55034 /* DarkModeBootcamp.swift */,
				04607AF62C47551400B55034 /* OnAppearBootcamp.swift */,
				04607AF82C475E0600B55034 /* TapGestureBootcamp.swift */,
				04607AFA2C4767C100B55034 /* ModelBootcamp.swift */,
				045DD4862C49F1AD008E119C /* ViewModelBootcamp.swift */,
				0430353E2C4F5E0600E5A91A /* EnvironmentObjectBootcamp.swift */,
				043035402C4F890900E5A91A /* AppStorageBootcamp.swift */,
				043035422C4F8E6100E5A91A /* AsyncImageBootcamp.swift */,
				043035442C4F939200E5A91A /* BackgroundMaterialsBootcamp.swift */,
				043035462C4F97CE00E5A91A /* ButtonStylesBootcamp.swift */,
				043035482C4F9D1E00E5A91A /* ListSwipeActionsBootcamp.swift */,
				0430354A2C4FA17900E5A91A /* BadgesBootcamp.swift */,
				04EA87DC2C55EECA0019B7DD /* NavigationStackBootcamp.swift */,
				04EA87DE2C560FB40019B7DD /* ToolbarBootcamp.swift */,
				04EA87E02C56471F0019B7DD /* ResizableSheetBootcamp.swift */,
				04EA87E22C5657080019B7DD /* SafeAreaInsetBootcamp.swift */,
				04EA87E42C5661090019B7DD /* GroupBootcamp.swift */,
				04EA87E62C5664540019B7DD /* AnimationUpdateBootcamp.swift */,
				04EA87E82C5669E70019B7DD /* MenuBootcamp.swift */,
				04B467EC2C5720300063D494 /* NativePopoverBootcamp.swift */,
				04B467F42C5747CA0063D494 /* AnyLayoutBootcamp.swift */,
				04B467F62C57677E0063D494 /* ViewThatFitsBootcamp.swift */,
				04B467F82C576CA20063D494 /* NavigationSplitViewBootcamp.swift */,
				04B467FA2C577AB10063D494 /* GridViewBootcamp.swift */,
				04B467FE2C5796930063D494 /* ContentUnavailableViewBootcamp.swift */,
				04B468002C579EFC0063D494 /* ObservableBootcamp.swift */,
				04B468022C57A3A20063D494 /* ObservableBootcampIOS17.swift */,
				045DD4882C49F7CD008E119C /* Color+extension.swift */,
			);
			path = SwiftUIBootcamp;
			sourceTree = "<group>";
		};
		04BDD0A52C40F9780034FC1A /* SwiftAndSwiftUI */ = {
			isa = PBXGroup;
			children = (
				04BDD0A62C40FA130034FC1A /* Swift_ActivityIndicator.swift */,
				04BDD0A82C40FA3F0034FC1A /* SwiftUI_ContentView.swift */,
				04DFA27C2C41010000DE210D /* UIViewRepresentable.swift */,
				04DFA27E2C41020F00DE210D /* SwiftUI_MyTextField.swift */,
				04DFA2802C41047700DE210D /* SegmentControl.swift */,
				04DFA2822C41075800DE210D /* NavigationViewController.swift */,
				04DFA2842C41083700DE210D /* SwiftCallSwiftUI.swift */,
				042B9A1D2C41235600A2775D /* ViewControllerA.swift */,
				04DFA2862C41249B00DE210D /* SwiftUIViewB.swift */,
			);
			path = SwiftAndSwiftUI;
			sourceTree = "<group>";
		};
		04E380772C08070400AB7CFB = {
			isa = PBXGroup;
			children = (
				04E380822C08070400AB7CFB /* SwiftUI_Bootcamp_Learn_Code */,
				04E380812C08070400AB7CFB /* Products */,
			);
			sourceTree = "<group>";
		};
		04E380812C08070400AB7CFB /* Products */ = {
			isa = PBXGroup;
			children = (
				04E380802C08070400AB7CFB /* SwiftUI_Bootcamp_Learn_Code.app */,
			);
			name = Products;
			sourceTree = "<group>";
		};
		04E380822C08070400AB7CFB /* SwiftUI_Bootcamp_Learn_Code */ = {
			isa = PBXGroup;
			children = (
				04B468052C59D0B90063D494 /* HomeView.swift */,
				04B468042C59D0640063D494 /* SwiftUIBootcamp */,
				0403D4A92C5A367900E8EE89 /* SwiftUIContinuedLearning */,
				04BDD0A52C40F9780034FC1A /* SwiftAndSwiftUI */,
				04E380892C08070600AB7CFB /* Assets.xcassets */,
				04E3808B2C08070600AB7CFB /* Preview Content */,
			);
			path = SwiftUI_Bootcamp_Learn_Code;
			sourceTree = "<group>";
		};
		04E3808B2C08070600AB7CFB /* Preview Content */ = {
			isa = PBXGroup;
			children = (
				04E3808C2C08070600AB7CFB /* Preview Assets.xcassets */,
			);
			path = "Preview Content";
			sourceTree = "<group>";
		};
/* End PBXGroup section */

/* Begin PBXNativeTarget section */
		04E3807F2C08070400AB7CFB /* SwiftUI_Bootcamp_Learn_Code */ = {
			isa = PBXNativeTarget;
			buildConfigurationList = 04E380902C08070600AB7CFB /* Build configuration list for PBXNativeTarget "SwiftUI_Bootcamp_Learn_Code" */;
			buildPhases = (
				04E3807C2C08070400AB7CFB /* Sources */,
				04E3807D2C08070400AB7CFB /* Frameworks */,
				04E3807E2C08070400AB7CFB /* Resources */,
			);
			buildRules = (
			);
			dependencies = (
			);
			name = SwiftUI_Bootcamp_Learn_Code;
			productName = SwiftUI_Bootcamp_Learn_Code;
			productReference = 04E380802C08070400AB7CFB /* SwiftUI_Bootcamp_Learn_Code.app */;
			productType = "com.apple.product-type.application";
		};
/* End PBXNativeTarget section */

/* Begin PBXProject section */
		04E380782C08070400AB7CFB /* Project object */ = {
			isa = PBXProject;
			attributes = {
				BuildIndependentTargetsInParallel = 1;
				LastSwiftUpdateCheck = 1500;
				LastUpgradeCheck = 1500;
				TargetAttributes = {
					04E3807F2C08070400AB7CFB = {
						CreatedOnToolsVersion = 15.0.1;
					};
				};
			};
			buildConfigurationList = 04E3807B2C08070400AB7CFB /* Build configuration list for PBXProject "SwiftUI_Bootcamp_Learn_Code" */;
			compatibilityVersion = "Xcode 14.0";
			developmentRegion = en;
			hasScannedForEncodings = 0;
			knownRegions = (
				en,
				Base,
			);
			mainGroup = 04E380772C08070400AB7CFB;
			productRefGroup = 04E380812C08070400AB7CFB /* Products */;
			projectDirPath = "";
			projectRoot = "";
			targets = (
				04E3807F2C08070400AB7CFB /* SwiftUI_Bootcamp_Learn_Code */,
			);
		};
/* End PBXProject section */

/* Begin PBXResourcesBuildPhase section */
		04E3807E2C08070400AB7CFB /* Resources */ = {
			isa = PBXResourcesBuildPhase;
			buildActionMask = 2147483647;
			files = (
				04E3808D2C08070600AB7CFB /* Preview Assets.xcassets in Resources */,
				04E3808A2C08070600AB7CFB /* Assets.xcassets in Resources */,
			);
			runOnlyForDeploymentPostprocessing = 0;
		};
/* End PBXResourcesBuildPhase section */

/* Begin PBXSourcesBuildPhase section */
		04E3807C2C08070400AB7CFB /* Sources */ = {
			isa = PBXSourcesBuildPhase;
			buildActionMask = 2147483647;
			files = (
				04B467F32C5724BB0063D494 /* ExtractSubViewBootcamp.swift in Sources */,
				04B467FD2C577EC70063D494 /* GridBootcamp.swift in Sources */,
				04EA87E52C5661090019B7DD /* GroupBootcamp.swift in Sources */,
				04B468062C59D0B90063D494 /* HomeView.swift in Sources */,
				04E380AA2C09D3DB00AB7CFB /* LearnGridView.swift in Sources */,
				04DFA27F2C41020F00DE210D /* SwiftUI_MyTextField.swift in Sources */,
				0430354B2C4FA17900E5A91A /* BadgesBootcamp.swift in Sources */,
				043035412C4F890900E5A91A /* AppStorageBootcamp.swift in Sources */,
				04AD18562C33EE6100B9AC78 /* AlertBootcamp.swift in Sources */,
				04E380862C08070400AB7CFB /* ContentView.swift in Sources */,
				04EA87E32C5657080019B7DD /* SafeAreaInsetBootcamp.swift in Sources */,
				04DFA27D2C41010000DE210D /* UIViewRepresentable.swift in Sources */,
				04E380A02C09563200AB7CFB /* StacksView.swift in Sources */,
				04AD18522C33A67800B9AC78 /* NavigationViewBootcamp.swift in Sources */,
				04E3809E2C082D6F00AB7CFB /* BackgroundAndOverlayView.swift in Sources */,
				0484886B2C3BCCA900B9CD10 /* DatePickerBootcamp.swift in Sources */,
				04AD185A2C353E6100B9AC78 /* ActionsheetBootcamp.swift in Sources */,
				04E380A82C09CC4900AB7CFB /* SafeView.swift in Sources */,
				04E380942C0807AA00AB7CFB /* TextView.swift in Sources */,
				04E380882C08070400AB7CFB /* Item.swift in Sources */,
				04E380AC2C0AE86A00AB7CFB /* LearnButtonView.swift in Sources */,
				0484885F2C37846700B9CD10 /* ContextMenuBootcamp.swift in Sources */,
				04E380A62C09A09200AB7CFB /* ScrollViewBootcamp.swift in Sources */,
				04B467FF2C5796930063D494 /* ContentUnavailableViewBootcamp.swift in Sources */,
				04E5A0DA2C315D6A00218561 /* TransitionBootcamp.swift in Sources */,
				0403D4AD2C5A554000E8EE89 /* SwiftUIContinuedLearningList.swift in Sources */,
				048488612C37C1AD00B9CD10 /* TextfieldBootcamp.swift in Sources */,
				048488652C3B83EB00B9CD10 /* ToggleBootcamp.swift in Sources */,
				04EA87DD2C55EECA0019B7DD /* NavigationStackBootcamp.swift in Sources */,
				045DD4872C49F1AD008E119C /* ViewModelBootcamp.swift in Sources */,
				04B467EF2C5721DF0063D494 /* ShapesBootcamp.swift in Sources */,
				047E59872C423A6A00EE672F /* TabViewBootcamp.swift in Sources */,
				04607AFB2C4767C100B55034 /* ModelBootcamp.swift in Sources */,
				04EA87E92C5669E70019B7DD /* MenuBootcamp.swift in Sources */,
				042B9A1E2C41235600A2775D /* ViewControllerA.swift in Sources */,
				045DD4892C49F7CD008E119C /* Color+extension.swift in Sources */,
				04AD18502C32B43600B9AC78 /* SheetsBootcamp.swift in Sources */,
				04B468012C579EFC0063D494 /* ObservableBootcamp.swift in Sources */,
				04DFA2872C41249B00DE210D /* SwiftUIViewB.swift in Sources */,
				048488632C3B74D400B9CD10 /* TextEditorBootcamp.swift in Sources */,
				04EA87DF2C560FB40019B7DD /* ToolbarBootcamp.swift in Sources */,
				04E380842C08070400AB7CFB /* SwiftUI_Bootcamp_Learn_CodeApp.swift in Sources */,
				048488692C3BBFF400B9CD10 /* ColorPickerBootcamp.swift in Sources */,
				043035472C4F97CE00E5A91A /* ButtonStylesBootcamp.swift in Sources */,
				04607AF92C475E0700B55034 /* TapGestureBootcamp.swift in Sources */,
				0484886D2C3BD54900B9CD10 /* StepperBootcamp.swift in Sources */,
				043035492C4F9D1E00E5A91A /* ListSwipeActionsBootcamp.swift in Sources */,
				043035452C4F939200E5A91A /* BackgroundMaterialsBootcamp.swift in Sources */,
				04DFA2832C41075800DE210D /* NavigationViewController.swift in Sources */,
				043035432C4F8E6100E5A91A /* AsyncImageBootcamp.swift in Sources */,
				04B467F92C576CA20063D494 /* NavigationSplitViewBootcamp.swift in Sources */,
				04DFA2852C41083700DE210D /* SwiftCallSwiftUI.swift in Sources */,
				04607AF52C4749C800B55034 /* DarkModeBootcamp.swift in Sources */,
				04E380982C080A9200AB7CFB /* GradientsView.swift in Sources */,
				04B467FB2C577AB10063D494 /* GridViewBootcamp.swift in Sources */,
				04B467F72C57677E0063D494 /* ViewThatFitsBootcamp.swift in Sources */,
				04E3809C2C08297200AB7CFB /* FrameView.swift in Sources */,
				04E380A22C09735000AB7CFB /* SpacerView.swift in Sources */,
				047E59852C42206900EE672F /* SliderBootcamp.swift in Sources */,
				048488672C3B941A00B9CD10 /* PickerBootcamp.swift in Sources */,
				04E5A0D82C3143D700218561 /* AnimationBootcamp.swift in Sources */,
				04B468032C57A3A20063D494 /* ObservableBootcampIOS17.swift in Sources */,
				04EA87E72C5664540019B7DD /* AnimationUpdateBootcamp.swift in Sources */,
				0403D4AB2C5A3A6F00E8EE89 /* LongPressGestureBootcamp.swift in Sources */,
				04B467F52C5747CA0063D494 /* AnyLayoutBootcamp.swift in Sources */,
				04AD18542C33D16100B9AC78 /* ListBootcamp.swift in Sources */,
				04BDD0A72C40FA130034FC1A /* Swift_ActivityIndicator.swift in Sources */,
				04607AF72C47551400B55034 /* OnAppearBootcamp.swift in Sources */,
				04BDD0A92C40FA3F0034FC1A /* SwiftUI_ContentView.swift in Sources */,
				04E5A0D62C3134C700218561 /* ConditionalBootcamp.swift in Sources */,
				047081F12C2FE24000156465 /* BindingBootcamp.swift in Sources */,
				04E380962C08081E00AB7CFB /* ColorView.swift in Sources */,
				04DFA2812C41047700DE210D /* SegmentControl.swift in Sources */,
				047E59892C44B0FD00EE672F /* HomeListView.swift in Sources */,
				04B467ED2C5720300063D494 /* NativePopoverBootcamp.swift in Sources */,
				0430353F2C4F5E0600E5A91A /* EnvironmentObjectBootcamp.swift in Sources */,
				04EA87E12C56471F0019B7DD /* ResizableSheetBootcamp.swift in Sources */,
			);
			runOnlyForDeploymentPostprocessing = 0;
		};
/* End PBXSourcesBuildPhase section */

/* Begin XCBuildConfiguration section */
		04E3808E2C08070600AB7CFB /* Debug */ = {
			isa = XCBuildConfiguration;
			buildSettings = {
				ALWAYS_SEARCH_USER_PATHS = NO;
				ASSETCATALOG_COMPILER_GENERATE_SWIFT_ASSET_SYMBOL_EXTENSIONS = YES;
				CLANG_ANALYZER_NONNULL = YES;
				CLANG_ANALYZER_NUMBER_OBJECT_CONVERSION = YES_AGGRESSIVE;
				CLANG_CXX_LANGUAGE_STANDARD = "gnu++20";
				CLANG_ENABLE_MODULES = YES;
				CLANG_ENABLE_OBJC_ARC = YES;
				CLANG_ENABLE_OBJC_WEAK = YES;
				CLANG_WARN_BLOCK_CAPTURE_AUTORELEASING = YES;
				CLANG_WARN_BOOL_CONVERSION = YES;
				CLANG_WARN_COMMA = YES;
				CLANG_WARN_CONSTANT_CONVERSION = YES;
				CLANG_WARN_DEPRECATED_OBJC_IMPLEMENTATIONS = YES;
				CLANG_WARN_DIRECT_OBJC_ISA_USAGE = YES_ERROR;
				CLANG_WARN_DOCUMENTATION_COMMENTS = YES;
				CLANG_WARN_EMPTY_BODY = YES;
				CLANG_WARN_ENUM_CONVERSION = YES;
				CLANG_WARN_INFINITE_RECURSION = YES;
				CLANG_WARN_INT_CONVERSION = YES;
				CLANG_WARN_NON_LITERAL_NULL_CONVERSION = YES;
				CLANG_WARN_OBJC_IMPLICIT_RETAIN_SELF = YES;
				CLANG_WARN_OBJC_LITERAL_CONVERSION = YES;
				CLANG_WARN_OBJC_ROOT_CLASS = YES_ERROR;
				CLANG_WARN_QUOTED_INCLUDE_IN_FRAMEWORK_HEADER = YES;
				CLANG_WARN_RANGE_LOOP_ANALYSIS = YES;
				CLANG_WARN_STRICT_PROTOTYPES = YES;
				CLANG_WARN_SUSPICIOUS_MOVE = YES;
				CLANG_WARN_UNGUARDED_AVAILABILITY = YES_AGGRESSIVE;
				CLANG_WARN_UNREACHABLE_CODE = YES;
				CLANG_WARN__DUPLICATE_METHOD_MATCH = YES;
				COPY_PHASE_STRIP = NO;
				DEBUG_INFORMATION_FORMAT = dwarf;
				ENABLE_STRICT_OBJC_MSGSEND = YES;
				ENABLE_TESTABILITY = YES;
				ENABLE_USER_SCRIPT_SANDBOXING = YES;
				GCC_C_LANGUAGE_STANDARD = gnu17;
				GCC_DYNAMIC_NO_PIC = NO;
				GCC_NO_COMMON_BLOCKS = YES;
				GCC_OPTIMIZATION_LEVEL = 0;
				GCC_PREPROCESSOR_DEFINITIONS = (
					"DEBUG=1",
					"$(inherited)",
				);
				GCC_WARN_64_TO_32_BIT_CONVERSION = YES;
				GCC_WARN_ABOUT_RETURN_TYPE = YES_ERROR;
				GCC_WARN_UNDECLARED_SELECTOR = YES;
				GCC_WARN_UNINITIALIZED_AUTOS = YES_AGGRESSIVE;
				GCC_WARN_UNUSED_FUNCTION = YES;
				GCC_WARN_UNUSED_VARIABLE = YES;
				IPHONEOS_DEPLOYMENT_TARGET = 17.0;
				LOCALIZATION_PREFERS_STRING_CATALOGS = YES;
				MTL_ENABLE_DEBUG_INFO = INCLUDE_SOURCE;
				MTL_FAST_MATH = YES;
				ONLY_ACTIVE_ARCH = YES;
				SDKROOT = iphoneos;
				SWIFT_ACTIVE_COMPILATION_CONDITIONS = "DEBUG $(inherited)";
				SWIFT_OPTIMIZATION_LEVEL = "-Onone";
			};
			name = Debug;
		};
		04E3808F2C08070600AB7CFB /* Release */ = {
			isa = XCBuildConfiguration;
			buildSettings = {
				ALWAYS_SEARCH_USER_PATHS = NO;
				ASSETCATALOG_COMPILER_GENERATE_SWIFT_ASSET_SYMBOL_EXTENSIONS = YES;
				CLANG_ANALYZER_NONNULL = YES;
				CLANG_ANALYZER_NUMBER_OBJECT_CONVERSION = YES_AGGRESSIVE;
				CLANG_CXX_LANGUAGE_STANDARD = "gnu++20";
				CLANG_ENABLE_MODULES = YES;
				CLANG_ENABLE_OBJC_ARC = YES;
				CLANG_ENABLE_OBJC_WEAK = YES;
				CLANG_WARN_BLOCK_CAPTURE_AUTORELEASING = YES;
				CLANG_WARN_BOOL_CONVERSION = YES;
				CLANG_WARN_COMMA = YES;
				CLANG_WARN_CONSTANT_CONVERSION = YES;
				CLANG_WARN_DEPRECATED_OBJC_IMPLEMENTATIONS = YES;
				CLANG_WARN_DIRECT_OBJC_ISA_USAGE = YES_ERROR;
				CLANG_WARN_DOCUMENTATION_COMMENTS = YES;
				CLANG_WARN_EMPTY_BODY = YES;
				CLANG_WARN_ENUM_CONVERSION = YES;
				CLANG_WARN_INFINITE_RECURSION = YES;
				CLANG_WARN_INT_CONVERSION = YES;
				CLANG_WARN_NON_LITERAL_NULL_CONVERSION = YES;
				CLANG_WARN_OBJC_IMPLICIT_RETAIN_SELF = YES;
				CLANG_WARN_OBJC_LITERAL_CONVERSION = YES;
				CLANG_WARN_OBJC_ROOT_CLASS = YES_ERROR;
				CLANG_WARN_QUOTED_INCLUDE_IN_FRAMEWORK_HEADER = YES;
				CLANG_WARN_RANGE_LOOP_ANALYSIS = YES;
				CLANG_WARN_STRICT_PROTOTYPES = YES;
				CLANG_WARN_SUSPICIOUS_MOVE = YES;
				CLANG_WARN_UNGUARDED_AVAILABILITY = YES_AGGRESSIVE;
				CLANG_WARN_UNREACHABLE_CODE = YES;
				CLANG_WARN__DUPLICATE_METHOD_MATCH = YES;
				COPY_PHASE_STRIP = NO;
				DEBUG_INFORMATION_FORMAT = "dwarf-with-dsym";
				ENABLE_NS_ASSERTIONS = NO;
				ENABLE_STRICT_OBJC_MSGSEND = YES;
				ENABLE_USER_SCRIPT_SANDBOXING = YES;
				GCC_C_LANGUAGE_STANDARD = gnu17;
				GCC_NO_COMMON_BLOCKS = YES;
				GCC_WARN_64_TO_32_BIT_CONVERSION = YES;
				GCC_WARN_ABOUT_RETURN_TYPE = YES_ERROR;
				GCC_WARN_UNDECLARED_SELECTOR = YES;
				GCC_WARN_UNINITIALIZED_AUTOS = YES_AGGRESSIVE;
				GCC_WARN_UNUSED_FUNCTION = YES;
				GCC_WARN_UNUSED_VARIABLE = YES;
				IPHONEOS_DEPLOYMENT_TARGET = 17.0;
				LOCALIZATION_PREFERS_STRING_CATALOGS = YES;
				MTL_ENABLE_DEBUG_INFO = NO;
				MTL_FAST_MATH = YES;
				SDKROOT = iphoneos;
				SWIFT_COMPILATION_MODE = wholemodule;
				VALIDATE_PRODUCT = YES;
			};
			name = Release;
		};
		04E380912C08070600AB7CFB /* Debug */ = {
			isa = XCBuildConfiguration;
			buildSettings = {
				ASSETCATALOG_COMPILER_APPICON_NAME = AppIcon;
				ASSETCATALOG_COMPILER_GLOBAL_ACCENT_COLOR_NAME = AccentColor;
				CODE_SIGN_STYLE = Automatic;
				CURRENT_PROJECT_VERSION = 1;
				DEVELOPMENT_ASSET_PATHS = "\"SwiftUI_Bootcamp_Learn_Code/Preview Content\"";
				DEVELOPMENT_TEAM = W84ZNZ88VX;
				ENABLE_PREVIEWS = YES;
				GENERATE_INFOPLIST_FILE = YES;
				INFOPLIST_KEY_UIApplicationSceneManifest_Generation = YES;
				INFOPLIST_KEY_UIApplicationSupportsIndirectInputEvents = YES;
				INFOPLIST_KEY_UILaunchScreen_Generation = YES;
				INFOPLIST_KEY_UISupportedInterfaceOrientations_iPad = "UIInterfaceOrientationPortrait UIInterfaceOrientationPortraitUpsideDown UIInterfaceOrientationLandscapeLeft UIInterfaceOrientationLandscapeRight";
				INFOPLIST_KEY_UISupportedInterfaceOrientations_iPhone = "UIInterfaceOrientationPortrait UIInterfaceOrientationLandscapeLeft UIInterfaceOrientationLandscapeRight";
				LD_RUNPATH_SEARCH_PATHS = (
					"$(inherited)",
					"@executable_path/Frameworks",
				);
				MARKETING_VERSION = 1.0;
				PRODUCT_BUNDLE_IDENTIFIER = "-09.SwiftUI-Bootcamp-Learn-Code";
				PRODUCT_NAME = "$(TARGET_NAME)";
				SWIFT_EMIT_LOC_STRINGS = YES;
				SWIFT_VERSION = 5.0;
				TARGETED_DEVICE_FAMILY = "1,2";
			};
			name = Debug;
		};
		04E380922C08070600AB7CFB /* Release */ = {
			isa = XCBuildConfiguration;
			buildSettings = {
				ASSETCATALOG_COMPILER_APPICON_NAME = AppIcon;
				ASSETCATALOG_COMPILER_GLOBAL_ACCENT_COLOR_NAME = AccentColor;
				CODE_SIGN_STYLE = Automatic;
				CURRENT_PROJECT_VERSION = 1;
				DEVELOPMENT_ASSET_PATHS = "\"SwiftUI_Bootcamp_Learn_Code/Preview Content\"";
				DEVELOPMENT_TEAM = W84ZNZ88VX;
				ENABLE_PREVIEWS = YES;
				GENERATE_INFOPLIST_FILE = YES;
				INFOPLIST_KEY_UIApplicationSceneManifest_Generation = YES;
				INFOPLIST_KEY_UIApplicationSupportsIndirectInputEvents = YES;
				INFOPLIST_KEY_UILaunchScreen_Generation = YES;
				INFOPLIST_KEY_UISupportedInterfaceOrientations_iPad = "UIInterfaceOrientationPortrait UIInterfaceOrientationPortraitUpsideDown UIInterfaceOrientationLandscapeLeft UIInterfaceOrientationLandscapeRight";
				INFOPLIST_KEY_UISupportedInterfaceOrientations_iPhone = "UIInterfaceOrientationPortrait UIInterfaceOrientationLandscapeLeft UIInterfaceOrientationLandscapeRight";
				LD_RUNPATH_SEARCH_PATHS = (
					"$(inherited)",
					"@executable_path/Frameworks",
				);
				MARKETING_VERSION = 1.0;
				PRODUCT_BUNDLE_IDENTIFIER = "-09.SwiftUI-Bootcamp-Learn-Code";
				PRODUCT_NAME = "$(TARGET_NAME)";
				SWIFT_EMIT_LOC_STRINGS = YES;
				SWIFT_VERSION = 5.0;
				TARGETED_DEVICE_FAMILY = "1,2";
			};
			name = Release;
		};
/* End XCBuildConfiguration section */

/* Begin XCConfigurationList section */
		04E3807B2C08070400AB7CFB /* Build configuration list for PBXProject "SwiftUI_Bootcamp_Learn_Code" */ = {
			isa = XCConfigurationList;
			buildConfigurations = (
				04E3808E2C08070600AB7CFB /* Debug */,
				04E3808F2C08070600AB7CFB /* Release */,
			);
			defaultConfigurationIsVisible = 0;
			defaultConfigurationName = Release;
		};
		04E380902C08070600AB7CFB /* Build configuration list for PBXNativeTarget "SwiftUI_Bootcamp_Learn_Code" */ = {
			isa = XCConfigurationList;
			buildConfigurations = (
				04E380912C08070600AB7CFB /* Debug */,
				04E380922C08070600AB7CFB /* Release */,
			);
			defaultConfigurationIsVisible = 0;
			defaultConfigurationName = Release;
		};
/* End XCConfigurationList section */
	};
	rootObject = 04E380782C08070400AB7CFB /* Project object */;
}
